// !$*UTF8*$!
{
	archiveVersion = 1;
	classes = {
	};
	objectVersion = 50;
	objects = {

/* Begin PBXBuildFile section */
		2032E39D21EEDFBE00B0D0DA /* AppDelegate.swift in Sources */ = {isa = PBXBuildFile; fileRef = 2032E39C21EEDFBE00B0D0DA /* AppDelegate.swift */; };
		2032E39F21EEDFBE00B0D0DA /* ViewController.swift in Sources */ = {isa = PBXBuildFile; fileRef = 2032E39E21EEDFBE00B0D0DA /* ViewController.swift */; };
		2032E3A221EEDFBE00B0D0DA /* Main.storyboard in Resources */ = {isa = PBXBuildFile; fileRef = 2032E3A021EEDFBE00B0D0DA /* Main.storyboard */; };
		2032E3A421EEDFC000B0D0DA /* Assets.xcassets in Resources */ = {isa = PBXBuildFile; fileRef = 2032E3A321EEDFC000B0D0DA /* Assets.xcassets */; };
		2032E3A721EEDFC000B0D0DA /* LaunchScreen.storyboard in Resources */ = {isa = PBXBuildFile; fileRef = 2032E3A521EEDFC000B0D0DA /* LaunchScreen.storyboard */; };
		2032E3B221EEDFC000B0D0DA /* QuizTests.swift in Sources */ = {isa = PBXBuildFile; fileRef = 2032E3B121EEDFC000B0D0DA /* QuizTests.swift */; };
		2032E3BD21EEDFC000B0D0DA /* QuizUITests.swift in Sources */ = {isa = PBXBuildFile; fileRef = 2032E3BC21EEDFC000B0D0DA /* QuizUITests.swift */; };
/* End PBXBuildFile section */

/* Begin PBXContainerItemProxy section */
		2032E3AE21EEDFC000B0D0DA /* PBXContainerItemProxy */ = {
			isa = PBXContainerItemProxy;
			containerPortal = 2032E39121EEDFBE00B0D0DA /* Project object */;
			proxyType = 1;
			remoteGlobalIDString = 2032E39821EEDFBE00B0D0DA;
			remoteInfo = Quiz;
		};
		2032E3B921EEDFC000B0D0DA /* PBXContainerItemProxy */ = {
			isa = PBXContainerItemProxy;
			containerPortal = 2032E39121EEDFBE00B0D0DA /* Project object */;
			proxyType = 1;
			remoteGlobalIDString = 2032E39821EEDFBE00B0D0DA;
			remoteInfo = Quiz;
		};
/* End PBXContainerItemProxy section */

/* Begin PBXFileReference section */
		2032E39921EEDFBE00B0D0DA /* Quiz.app */ = {isa = PBXFileReference; explicitFileType = wrapper.application; includeInIndex = 0; path = Quiz.app; sourceTree = BUILT_PRODUCTS_DIR; };
		2032E39C21EEDFBE00B0D0DA /* AppDelegate.swift */ = {isa = PBXFileReference; lastKnownFileType = sourcecode.swift; path = AppDelegate.swift; sourceTree = "<group>"; };
		2032E39E21EEDFBE00B0D0DA /* ViewController.swift */ = {isa = PBXFileReference; lastKnownFileType = sourcecode.swift; path = ViewController.swift; sourceTree = "<group>"; };
		2032E3A121EEDFBE00B0D0DA /* Base */ = {isa = PBXFileReference; lastKnownFileType = file.storyboard; name = Base; path = Base.lproj/Main.storyboard; sourceTree = "<group>"; };
		2032E3A321EEDFC000B0D0DA /* Assets.xcassets */ = {isa = PBXFileReference; lastKnownFileType = folder.assetcatalog; path = Assets.xcassets; sourceTree = "<group>"; };
		2032E3A621EEDFC000B0D0DA /* Base */ = {isa = PBXFileReference; lastKnownFileType = file.storyboard; name = Base; path = Base.lproj/LaunchScreen.storyboard; sourceTree = "<group>"; };
		2032E3A821EEDFC000B0D0DA /* Info.plist */ = {isa = PBXFileReference; lastKnownFileType = text.plist.xml; path = Info.plist; sourceTree = "<group>"; };
		2032E3AD21EEDFC000B0D0DA /* QuizTests.xctest */ = {isa = PBXFileReference; explicitFileType = wrapper.cfbundle; includeInIndex = 0; path = QuizTests.xctest; sourceTree = BUILT_PRODUCTS_DIR; };
		2032E3B121EEDFC000B0D0DA /* QuizTests.swift */ = {isa = PBXFileReference; lastKnownFileType = sourcecode.swift; path = QuizTests.swift; sourceTree = "<group>"; };
		2032E3B321EEDFC000B0D0DA /* Info.plist */ = {isa = PBXFileReference; lastKnownFileType = text.plist.xml; path = Info.plist; sourceTree = "<group>"; };
		2032E3B821EEDFC000B0D0DA /* QuizUITests.xctest */ = {isa = PBXFileReference; explicitFileType = wrapper.cfbundle; includeInIndex = 0; path = QuizUITests.xctest; sourceTree = BUILT_PRODUCTS_DIR; };
		2032E3BC21EEDFC000B0D0DA /* QuizUITests.swift */ = {isa = PBXFileReference; lastKnownFileType = sourcecode.swift; path = QuizUITests.swift; sourceTree = "<group>"; };
		2032E3BE21EEDFC000B0D0DA /* Info.plist */ = {isa = PBXFileReference; lastKnownFileType = text.plist.xml; path = Info.plist; sourceTree = "<group>"; };
/* End PBXFileReference section */

/* Begin PBXFrameworksBuildPhase section */
		2032E39621EEDFBE00B0D0DA /* Frameworks */ = {
			isa = PBXFrameworksBuildPhase;
			buildActionMask = 2147483647;
			files = (
			);
			runOnlyForDeploymentPostprocessing = 0;
		};
		2032E3AA21EEDFC000B0D0DA /* Frameworks */ = {
			isa = PBXFrameworksBuildPhase;
			buildActionMask = 2147483647;
			files = (
			);
			runOnlyForDeploymentPostprocessing = 0;
		};
		2032E3B521EEDFC000B0D0DA /* Frameworks */ = {
			isa = PBXFrameworksBuildPhase;
			buildActionMask = 2147483647;
			files = (
			);
			runOnlyForDeploymentPostprocessing = 0;
		};
/* End PBXFrameworksBuildPhase section */

/* Begin PBXGroup section */
		2032E39021EEDFBE00B0D0DA = {
			isa = PBXGroup;
			children = (
				2032E39B21EEDFBE00B0D0DA /* Quiz */,
				2032E3B021EEDFC000B0D0DA /* QuizTests */,
				2032E3BB21EEDFC000B0D0DA /* QuizUITests */,
				2032E39A21EEDFBE00B0D0DA /* Products */,
			);
			sourceTree = "<group>";
		};
		2032E39A21EEDFBE00B0D0DA /* Products */ = {
			isa = PBXGroup;
			children = (
				2032E39921EEDFBE00B0D0DA /* Quiz.app */,
				2032E3AD21EEDFC000B0D0DA /* QuizTests.xctest */,
				2032E3B821EEDFC000B0D0DA /* QuizUITests.xctest */,
			);
			name = Products;
			sourceTree = "<group>";
		};
		2032E39B21EEDFBE00B0D0DA /* Quiz */ = {
			isa = PBXGroup;
			children = (
				2032E39C21EEDFBE00B0D0DA /* AppDelegate.swift */,
				2032E39E21EEDFBE00B0D0DA /* ViewController.swift */,
				2032E3A021EEDFBE00B0D0DA /* Main.storyboard */,
				2032E3A321EEDFC000B0D0DA /* Assets.xcassets */,
				2032E3A521EEDFC000B0D0DA /* LaunchScreen.storyboard */,
				2032E3A821EEDFC000B0D0DA /* Info.plist */,
			);
			path = Quiz;
			sourceTree = "<group>";
		};
		2032E3B021EEDFC000B0D0DA /* QuizTests */ = {
			isa = PBXGroup;
			children = (
				2032E3B121EEDFC000B0D0DA /* QuizTests.swift */,
				2032E3B321EEDFC000B0D0DA /* Info.plist */,
			);
			path = QuizTests;
			sourceTree = "<group>";
		};
		2032E3BB21EEDFC000B0D0DA /* QuizUITests */ = {
			isa = PBXGroup;
			children = (
				2032E3BC21EEDFC000B0D0DA /* QuizUITests.swift */,
				2032E3BE21EEDFC000B0D0DA /* Info.plist */,
			);
			path = QuizUITests;
			sourceTree = "<group>";
		};
/* End PBXGroup section */

/* Begin PBXNativeTarget section */
		2032E39821EEDFBE00B0D0DA /* Quiz */ = {
			isa = PBXNativeTarget;
			buildConfigurationList = 2032E3C121EEDFC000B0D0DA /* Build configuration list for PBXNativeTarget "Quiz" */;
			buildPhases = (
				2032E39521EEDFBE00B0D0DA /* Sources */,
				2032E39621EEDFBE00B0D0DA /* Frameworks */,
				2032E39721EEDFBE00B0D0DA /* Resources */,
			);
			buildRules = (
			);
			dependencies = (
			);
			name = Quiz;
			productName = Quiz;
			productReference = 2032E39921EEDFBE00B0D0DA /* Quiz.app */;
			productType = "com.apple.product-type.application";
		};
		2032E3AC21EEDFC000B0D0DA /* QuizTests */ = {
			isa = PBXNativeTarget;
			buildConfigurationList = 2032E3C421EEDFC000B0D0DA /* Build configuration list for PBXNativeTarget "QuizTests" */;
			buildPhases = (
				2032E3A921EEDFC000B0D0DA /* Sources */,
				2032E3AA21EEDFC000B0D0DA /* Frameworks */,
				2032E3AB21EEDFC000B0D0DA /* Resources */,
			);
			buildRules = (
			);
			dependencies = (
				2032E3AF21EEDFC000B0D0DA /* PBXTargetDependency */,
			);
			name = QuizTests;
			productName = QuizTests;
			productReference = 2032E3AD21EEDFC000B0D0DA /* QuizTests.xctest */;
			productType = "com.apple.product-type.bundle.unit-test";
		};
		2032E3B721EEDFC000B0D0DA /* QuizUITests */ = {
			isa = PBXNativeTarget;
			buildConfigurationList = 2032E3C721EEDFC000B0D0DA /* Build configuration list for PBXNativeTarget "QuizUITests" */;
			buildPhases = (
				2032E3B421EEDFC000B0D0DA /* Sources */,
				2032E3B521EEDFC000B0D0DA /* Frameworks */,
				2032E3B621EEDFC000B0D0DA /* Resources */,
			);
			buildRules = (
			);
			dependencies = (
				2032E3BA21EEDFC000B0D0DA /* PBXTargetDependency */,
			);
			name = QuizUITests;
			productName = QuizUITests;
			productReference = 2032E3B821EEDFC000B0D0DA /* QuizUITests.xctest */;
			productType = "com.apple.product-type.bundle.ui-testing";
		};
/* End PBXNativeTarget section */

/* Begin PBXProject section */
		2032E39121EEDFBE00B0D0DA /* Project object */ = {
			isa = PBXProject;
			attributes = {
				LastSwiftUpdateCheck = 1010;
				LastUpgradeCheck = 1010;
				ORGANIZATIONNAME = jianglingshuo;
				TargetAttributes = {
					2032E39821EEDFBE00B0D0DA = {
						CreatedOnToolsVersion = 10.1;
					};
					2032E3AC21EEDFC000B0D0DA = {
						CreatedOnToolsVersion = 10.1;
						TestTargetID = 2032E39821EEDFBE00B0D0DA;
					};
					2032E3B721EEDFC000B0D0DA = {
						CreatedOnToolsVersion = 10.1;
						TestTargetID = 2032E39821EEDFBE00B0D0DA;
					};
				};
			};
			buildConfigurationList = 2032E39421EEDFBE00B0D0DA /* Build configuration list for PBXProject "Quiz" */;
			compatibilityVersion = "Xcode 9.3";
			developmentRegion = en;
			hasScannedForEncodings = 0;
			knownRegions = (
				en,
				Base,
			);
			mainGroup = 2032E39021EEDFBE00B0D0DA;
			productRefGroup = 2032E39A21EEDFBE00B0D0DA /* Products */;
			projectDirPath = "";
			projectRoot = "";
			targets = (
				2032E39821EEDFBE00B0D0DA /* Quiz */,
				2032E3AC21EEDFC000B0D0DA /* QuizTests */,
				2032E3B721EEDFC000B0D0DA /* QuizUITests */,
			);
		};
/* End PBXProject section */

/* Begin PBXResourcesBuildPhase section */
		2032E39721EEDFBE00B0D0DA /* Resources */ = {
			isa = PBXResourcesBuildPhase;
			buildActionMask = 2147483647;
			files = (
				2032E3A721EEDFC000B0D0DA /* LaunchScreen.storyboard in Resources */,
				2032E3A421EEDFC000B0D0DA /* Assets.xcassets in Resources */,
				2032E3A221EEDFBE00B0D0DA /* Main.storyboard in Resources */,
			);
			runOnlyForDeploymentPostprocessing = 0;
		};
		2032E3AB21EEDFC000B0D0DA /* Resources */ = {
			isa = PBXResourcesBuildPhase;
			buildActionMask = 2147483647;
			files = (
			);
			runOnlyForDeploymentPostprocessing = 0;
		};
		2032E3B621EEDFC000B0D0DA /* Resources */ = {
			isa = PBXResourcesBuildPhase;
			buildActionMask = 2147483647;
			files = (
			);
			runOnlyForDeploymentPostprocessing = 0;
		};
/* End PBXResourcesBuildPhase section */

/* Begin PBXSourcesBuildPhase section */
		2032E39521EEDFBE00B0D0DA /* Sources */ = {
			isa = PBXSourcesBuildPhase;
			buildActionMask = 2147483647;
			files = (
				2032E39F21EEDFBE00B0D0DA /* ViewController.swift in Sources */,
				2032E39D21EEDFBE00B0D0DA /* AppDelegate.swift in Sources */,
			);
			runOnlyForDeploymentPostprocessing = 0;
		};
		2032E3A921EEDFC000B0D0DA /* Sources */ = {
			isa = PBXSourcesBuildPhase;
			buildActionMask = 2147483647;
			files = (
				2032E3B221EEDFC000B0D0DA /* QuizTests.swift in Sources */,
			);
			runOnlyForDeploymentPostprocessing = 0;
		};
		2032E3B421EEDFC000B0D0DA /* Sources */ = {
			isa = PBXSourcesBuildPhase;
			buildActionMask = 2147483647;
			files = (
				2032E3BD21EEDFC000B0D0DA /* QuizUITests.swift in Sources */,
			);
			runOnlyForDeploymentPostprocessing = 0;
		};
/* End PBXSourcesBuildPhase section */

/* Begin PBXTargetDependency section */
		2032E3AF21EEDFC000B0D0DA /* PBXTargetDependency */ = {
			isa = PBXTargetDependency;
			target = 2032E39821EEDFBE00B0D0DA /* Quiz */;
			targetProxy = 2032E3AE21EEDFC000B0D0DA /* PBXContainerItemProxy */;
		};
		2032E3BA21EEDFC000B0D0DA /* PBXTargetDependency */ = {
			isa = PBXTargetDependency;
			target = 2032E39821EEDFBE00B0D0DA /* Quiz */;
			targetProxy = 2032E3B921EEDFC000B0D0DA /* PBXContainerItemProxy */;
		};
/* End PBXTargetDependency section */

/* Begin PBXVariantGroup section */
		2032E3A021EEDFBE00B0D0DA /* Main.storyboard */ = {
			isa = PBXVariantGroup;
			children = (
				2032E3A121EEDFBE00B0D0DA /* Base */,
			);
			name = Main.storyboard;
			sourceTree = "<group>";
		};
		2032E3A521EEDFC000B0D0DA /* LaunchScreen.storyboard */ = {
			isa = PBXVariantGroup;
			children = (
				2032E3A621EEDFC000B0D0DA /* Base */,
			);
			name = LaunchScreen.storyboard;
			sourceTree = "<group>";
		};
/* End PBXVariantGroup section */

/* Begin XCBuildConfiguration section */
		2032E3BF21EEDFC000B0D0DA /* Debug */ = {
			isa = XCBuildConfiguration;
			buildSettings = {
				ALWAYS_SEARCH_USER_PATHS = NO;
				CLANG_ANALYZER_NONNULL = YES;
				CLANG_ANALYZER_NUMBER_OBJECT_CONVERSION = YES_AGGRESSIVE;
				CLANG_CXX_LANGUAGE_STANDARD = "gnu++14";
				CLANG_CXX_LIBRARY = "libc++";
				CLANG_ENABLE_MODULES = YES;
				CLANG_ENABLE_OBJC_ARC = YES;
				CLANG_ENABLE_OBJC_WEAK = YES;
				CLANG_WARN_BLOCK_CAPTURE_AUTORELEASING = YES;
				CLANG_WARN_BOOL_CONVERSION = YES;
				CLANG_WARN_COMMA = YES;
				CLANG_WARN_CONSTANT_CONVERSION = YES;
				CLANG_WARN_DEPRECATED_OBJC_IMPLEMENTATIONS = YES;
				CLANG_WARN_DIRECT_OBJC_ISA_USAGE = YES_ERROR;
				CLANG_WARN_DOCUMENTATION_COMMENTS = YES;
				CLANG_WARN_EMPTY_BODY = YES;
				CLANG_WARN_ENUM_CONVERSION = YES;
				CLANG_WARN_INFINITE_RECURSION = YES;
				CLANG_WARN_INT_CONVERSION = YES;
				CLANG_WARN_NON_LITERAL_NULL_CONVERSION = YES;
				CLANG_WARN_OBJC_IMPLICIT_RETAIN_SELF = YES;
				CLANG_WARN_OBJC_LITERAL_CONVERSION = YES;
				CLANG_WARN_OBJC_ROOT_CLASS = YES_ERROR;
				CLANG_WARN_RANGE_LOOP_ANALYSIS = YES;
				CLANG_WARN_STRICT_PROTOTYPES = YES;
				CLANG_WARN_SUSPICIOUS_MOVE = YES;
				CLANG_WARN_UNGUARDED_AVAILABILITY = YES_AGGRESSIVE;
				CLANG_WARN_UNREACHABLE_CODE = YES;
				CLANG_WARN__DUPLICATE_METHOD_MATCH = YES;
				CODE_SIGN_IDENTITY = "iPhone Developer";
				COPY_PHASE_STRIP = NO;
				DEBUG_INFORMATION_FORMAT = dwarf;
				ENABLE_STRICT_OBJC_MSGSEND = YES;
				ENABLE_TESTABILITY = YES;
				GCC_C_LANGUAGE_STANDARD = gnu11;
				GCC_DYNAMIC_NO_PIC = NO;
				GCC_NO_COMMON_BLOCKS = YES;
				GCC_OPTIMIZATION_LEVEL = 0;
				GCC_PREPROCESSOR_DEFINITIONS = (
					"DEBUG=1",
					"$(inherited)",
				);
				GCC_WARN_64_TO_32_BIT_CONVERSION = YES;
				GCC_WARN_ABOUT_RETURN_TYPE = YES_ERROR;
				GCC_WARN_UNDECLARED_SELECTOR = YES;
				GCC_WARN_UNINITIALIZED_AUTOS = YES_AGGRESSIVE;
				GCC_WARN_UNUSED_FUNCTION = YES;
				GCC_WARN_UNUSED_VARIABLE = YES;
				IPHONEOS_DEPLOYMENT_TARGET = 12.1;
				MTL_ENABLE_DEBUG_INFO = INCLUDE_SOURCE;
				MTL_FAST_MATH = YES;
				ONLY_ACTIVE_ARCH = YES;
				SDKROOT = iphoneos;
				SWIFT_ACTIVE_COMPILATION_CONDITIONS = DEBUG;
				SWIFT_OPTIMIZATION_LEVEL = "-Onone";
			};
			name = Debug;
		};
		2032E3C021EEDFC000B0D0DA /* Release */ = {
			isa = XCBuildConfiguration;
			buildSettings = {
				ALWAYS_SEARCH_USER_PATHS = NO;
				CLANG_ANALYZER_NONNULL = YES;
				CLANG_ANALYZER_NUMBER_OBJECT_CONVERSION = YES_AGGRESSIVE;
				CLANG_CXX_LANGUAGE_STANDARD = "gnu++14";
				CLANG_CXX_LIBRARY = "libc++";
				CLANG_ENABLE_MODULES = YES;
				CLANG_ENABLE_OBJC_ARC = YES;
				CLANG_ENABLE_OBJC_WEAK = YES;
				CLANG_WARN_BLOCK_CAPTURE_AUTORELEASING = YES;
				CLANG_WARN_BOOL_CONVERSION = YES;
				CLANG_WARN_COMMA = YES;
				CLANG_WARN_CONSTANT_CONVERSION = YES;
				CLANG_WARN_DEPRECATED_OBJC_IMPLEMENTATIONS = YES;
				CLANG_WARN_DIRECT_OBJC_ISA_USAGE = YES_ERROR;
				CLANG_WARN_DOCUMENTATION_COMMENTS = YES;
				CLANG_WARN_EMPTY_BODY = YES;
				CLANG_WARN_ENUM_CONVERSION = YES;
				CLANG_WARN_INFINITE_RECURSION = YES;
				CLANG_WARN_INT_CONVERSION = YES;
				CLANG_WARN_NON_LITERAL_NULL_CONVERSION = YES;
				CLANG_WARN_OBJC_IMPLICIT_RETAIN_SELF = YES;
				CLANG_WARN_OBJC_LITERAL_CONVERSION = YES;
				CLANG_WARN_OBJC_ROOT_CLASS = YES_ERROR;
				CLANG_WARN_RANGE_LOOP_ANALYSIS = YES;
				CLANG_WARN_STRICT_PROTOTYPES = YES;
				CLANG_WARN_SUSPICIOUS_MOVE = YES;
				CLANG_WARN_UNGUARDED_AVAILABILITY = YES_AGGRESSIVE;
				CLANG_WARN_UNREACHABLE_CODE = YES;
				CLANG_WARN__DUPLICATE_METHOD_MATCH = YES;
				CODE_SIGN_IDENTITY = "iPhone Developer";
				COPY_PHASE_STRIP = NO;
				DEBUG_INFORMATION_FORMAT = "dwarf-with-dsym";
				ENABLE_NS_ASSERTIONS = NO;
				ENABLE_STRICT_OBJC_MSGSEND = YES;
				GCC_C_LANGUAGE_STANDARD = gnu11;
				GCC_NO_COMMON_BLOCKS = YES;
				GCC_WARN_64_TO_32_BIT_CONVERSION = YES;
				GCC_WARN_ABOUT_RETURN_TYPE = YES_ERROR;
				GCC_WARN_UNDECLARED_SELECTOR = YES;
				GCC_WARN_UNINITIALIZED_AUTOS = YES_AGGRESSIVE;
				GCC_WARN_UNUSED_FUNCTION = YES;
				GCC_WARN_UNUSED_VARIABLE = YES;
				IPHONEOS_DEPLOYMENT_TARGET = 12.1;
				MTL_ENABLE_DEBUG_INFO = NO;
				MTL_FAST_MATH = YES;
				SDKROOT = iphoneos;
				SWIFT_COMPILATION_MODE = wholemodule;
				SWIFT_OPTIMIZATION_LEVEL = "-O";
				VALIDATE_PRODUCT = YES;
			};
			name = Release;
		};
		2032E3C221EEDFC000B0D0DA /* Debug */ = {
			isa = XCBuildConfiguration;
			buildSettings = {
				ASSETCATALOG_COMPILER_APPICON_NAME = AppIcon;
				CODE_SIGN_STYLE = Automatic;
				DEVELOPMENT_TEAM = T39JAH3996;
				INFOPLIST_FILE = Quiz/Info.plist;
				LD_RUNPATH_SEARCH_PATHS = (
					"$(inherited)",
					"@executable_path/Frameworks",
				);
				PRODUCT_BUNDLE_IDENTIFIER = jianglingshuo.Quiz;
				PRODUCT_NAME = "$(TARGET_NAME)";
				SWIFT_VERSION = 4.2;
				TARGETED_DEVICE_FAMILY = "1,2";
			};
			name = Debug;
		};
		2032E3C321EEDFC000B0D0DA /* Release */ = {
			isa = XCBuildConfiguration;
			buildSettings = {
				ASSETCATALOG_COMPILER_APPICON_NAME = AppIcon;
				CODE_SIGN_STYLE = Automatic;
				DEVELOPMENT_TEAM = T39JAH3996;
				INFOPLIST_FILE = Quiz/Info.plist;
				LD_RUNPATH_SEARCH_PATHS = (
					"$(inherited)",
					"@executable_path/Frameworks",
				);
				PRODUCT_BUNDLE_IDENTIFIER = jianglingshuo.Quiz;
				PRODUCT_NAME = "$(TARGET_NAME)";
				SWIFT_VERSION = 4.2;
				TARGETED_DEVICE_FAMILY = "1,2";
			};
			name = Release;
		};
		2032E3C521EEDFC000B0D0DA /* Debug */ = {
			isa = XCBuildConfiguration;
			buildSettings = {
				ALWAYS_EMBED_SWIFT_STANDARD_LIBRARIES = YES;
				BUNDLE_LOADER = "$(TEST_HOST)";
				CODE_SIGN_STYLE = Automatic;
				DEVELOPMENT_TEAM = T39JAH3996;
				INFOPLIST_FILE = QuizTests/Info.plist;
				LD_RUNPATH_SEARCH_PATHS = (
					"$(inherited)",
					"@executable_path/Frameworks",
					"@loader_path/Frameworks",
				);
				PRODUCT_BUNDLE_IDENTIFIER = jianglingshuo.QuizTests;
				PRODUCT_NAME = "$(TARGET_NAME)";
				SWIFT_VERSION = 4.2;
				TARGETED_DEVICE_FAMILY = "1,2";
				TEST_HOST = "$(BUILT_PRODUCTS_DIR)/Quiz.app/Quiz";
			};
			name = Debug;
		};
		2032E3C621EEDFC000B0D0DA /* Release */ = {
			isa = XCBuildConfiguration;
			buildSettings = {
				ALWAYS_EMBED_SWIFT_STANDARD_LIBRARIES = YES;
				BUNDLE_LOADER = "$(TEST_HOST)";
				CODE_SIGN_STYLE = Automatic;
				DEVELOPMENT_TEAM = T39JAH3996;
				INFOPLIST_FILE = QuizTests/Info.plist;
				LD_RUNPATH_SEARCH_PATHS = (
					"$(inherited)",
					"@executable_path/Frameworks",
					"@loader_path/Frameworks",
				);
				PRODUCT_BUNDLE_IDENTIFIER = jianglingshuo.QuizTests;
				PRODUCT_NAME = "$(TARGET_NAME)";
				SWIFT_VERSION = 4.2;
				TARGETED_DEVICE_FAMILY = "1,2";
				TEST_HOST = "$(BUILT_PRODUCTS_DIR)/Quiz.app/Quiz";
			};
			name = Release;
		};
		2032E3C821EEDFC000B0D0DA /* Debug */ = {
			isa = XCBuildConfiguration;
			buildSettings = {
				ALWAYS_EMBED_SWIFT_STANDARD_LIBRARIES = YES;
				CODE_SIGN_STYLE = Automatic;
				DEVELOPMENT_TEAM = T39JAH3996;
				INFOPLIST_FILE = QuizUITests/Info.plist;
				LD_RUNPATH_SEARCH_PATHS = (
					"$(inherited)",
					"@executable_path/Frameworks",
					"@loader_path/Frameworks",
				);
				PRODUCT_BUNDLE_IDENTIFIER = jianglingshuo.QuizUITests;
				PRODUCT_NAME = "$(TARGET_NAME)";
				SWIFT_VERSION = 4.2;
				TARGETED_DEVICE_FAMILY = "1,2";
				TEST_TARGET_NAME = Quiz;
			};
			name = Debug;
		};
		2032E3C921EEDFC000B0D0DA /* Release */ = {
			isa = XCBuildConfiguration;
			buildSettings = {
				ALWAYS_EMBED_SWIFT_STANDARD_LIBRARIES = YES;
				CODE_SIGN_STYLE = Automatic;
				DEVELOPMENT_TEAM = T39JAH3996;
				INFOPLIST_FILE = QuizUITests/Info.plist;
				LD_RUNPATH_SEARCH_PATHS = (
					"$(inherited)",
					"@executable_path/Frameworks",
					"@loader_path/Frameworks",
				);
				PRODUCT_BUNDLE_IDENTIFIER = jianglingshuo.QuizUITests;
				PRODUCT_NAME = "$(TARGET_NAME)";
				SWIFT_VERSION = 4.2;
				TARGETED_DEVICE_FAMILY = "1,2";
				TEST_TARGET_NAME = Quiz;
			};
			name = Release;
		};
/* End XCBuildConfiguration section */

/* Begin XCConfigurationList section */
		2032E39421EEDFBE00B0D0DA /* Build configuration list for PBXProject "Quiz" */ = {
			isa = XCConfigurationList;
			buildConfigurations = (
				2032E3BF21EEDFC000B0D0DA /* Debug */,
				2032E3C021EEDFC000B0D0DA /* Release */,
			);
			defaultConfigurationIsVisible = 0;
			defaultConfigurationName = Release;
		};
		2032E3C121EEDFC000B0D0DA /* Build configuration list for PBXNativeTarget "Quiz" */ = {
			isa = XCConfigurationList;
			buildConfigurations = (
				2032E3C221EEDFC000B0D0DA /* Debug */,
				2032E3C321EEDFC000B0D0DA /* Release */,
			);
			defaultConfigurationIsVisible = 0;
			defaultConfigurationName = Release;
		};
		2032E3C421EEDFC000B0D0DA /* Build configuration list for PBXNativeTarget "QuizTests" */ = {
			isa = XCConfigurationList;
			buildConfigurations = (
				2032E3C521EEDFC000B0D0DA /* Debug */,
				2032E3C621EEDFC000B0D0DA /* Release */,
			);
			defaultConfigurationIsVisible = 0;
			defaultConfigurationName = Release;
		};
		2032E3C721EEDFC000B0D0DA /* Build configuration list for PBXNativeTarget "QuizUITests" */ = {
			isa = XCConfigurationList;
			buildConfigurations = (
				2032E3C821EEDFC000B0D0DA /* Debug */,
				2032E3C921EEDFC000B0D0DA /* Release */,
			);
			defaultConfigurationIsVisible = 0;
			defaultConfigurationName = Release;
		};
/* End XCConfigurationList section */
	};
	rootObject = 2032E39121EEDFBE00B0D0DA /* Project object */;
}
